
Microsoft Visual Studio Solution File, Format Version 12.00
# Visual Studio Version 16
VisualStudioVersion = 16.0.30204.135
MinimumVisualStudioVersion = 10.0.40219.1
Project("{FAE04EC0-301F-11D3-BF4B-00C04F79EFBC}") = "NextcomIntegrations.Core", "NextcomIntegrations.Core\NextcomIntegrations.Core.csproj", "{C5609B13-DCED-4B0B-8138-923C22688B20}"
EndProject
Project("{FAE04EC0-301F-11D3-BF4B-00C04F79EFBC}") = "NextcomIntegrations.UnitTest", "NextcomIntegrations.UnitTest\NextcomIntegrations.UnitTest.csproj", "{4E74F80B-63C4-4A8F-95CF-BA0ADA120482}"
EndProject
Project("{FAE04EC0-301F-11D3-BF4B-00C04F79EFBC}") = "NextcomIntegrations.Infrastructure", "NextcomIntegrations.Infrastructure\NextcomIntegrations.Infrastructure.csproj", "{C6779012-876B-4E05-B8E2-9F7381C7DBD1}"
EndProject
Project("{FAE04EC0-301F-11D3-BF4B-00C04F79EFBC}") = "NextcomIntegrations.UserInterfaceConsole", "NextcomIntegrations.UserInterfaceConsole\NextcomIntegrations.UserInterfaceConsole.csproj", "{BC0A1A17-581B-4006-8F5F-11F7A1FEC5E5}"
EndProject
Project("{FAE04EC0-301F-11D3-BF4B-00C04F79EFBC}") = "NextcomIntegrations.Application", "NextcomIntegrations.Application\NextcomIntegrations.Application.csproj", "{31710457-C06A-4C34-8FBD-4BED15DF95AA}"
EndProject
Global
	GlobalSection(SolutionConfigurationPlatforms) = preSolution
		Debug|Any CPU = Debug|Any CPU
		Release|Any CPU = Release|Any CPU
	EndGlobalSection
	GlobalSection(ProjectConfigurationPlatforms) = postSolution
		{C5609B13-DCED-4B0B-8138-923C22688B20}.Debug|Any CPU.ActiveCfg = Debug|Any CPU
		{C5609B13-DCED-4B0B-8138-923C22688B20}.Debug|Any CPU.Build.0 = Debug|Any CPU
		{C5609B13-DCED-4B0B-8138-923C22688B20}.Release|Any CPU.ActiveCfg = Release|Any CPU
		{C5609B13-DCED-4B0B-8138-923C22688B20}.Release|Any CPU.Build.0 = Release|Any CPU
		{4E74F80B-63C4-4A8F-95CF-BA0ADA120482}.Debug|Any CPU.ActiveCfg = Debug|Any CPU
		{4E74F80B-63C4-4A8F-95CF-BA0ADA120482}.Debug|Any CPU.Build.0 = Debug|Any CPU
		{4E74F80B-63C4-4A8F-95CF-BA0ADA120482}.Release|Any CPU.ActiveCfg = Release|Any CPU
		{4E74F80B-63C4-4A8F-95CF-BA0ADA120482}.Release|Any CPU.Build.0 = Release|Any CPU
		{C6779012-876B-4E05-B8E2-9F7381C7DBD1}.Debug|Any CPU.ActiveCfg = Debug|Any CPU
		{C6779012-876B-4E05-B8E2-9F7381C7DBD1}.Debug|Any CPU.Build.0 = Debug|Any CPU
		{C6779012-876B-4E05-B8E2-9F7381C7DBD1}.Release|Any CPU.ActiveCfg = Release|Any CPU
		{C6779012-876B-4E05-B8E2-9F7381C7DBD1}.Release|Any CPU.Build.0 = Release|Any CPU
		{BC0A1A17-581B-4006-8F5F-11F7A1FEC5E5}.Debug|Any CPU.ActiveCfg = Debug|Any CPU
		{BC0A1A17-581B-4006-8F5F-11F7A1FEC5E5}.Debug|Any CPU.Build.0 = Debug|Any CPU
		{BC0A1A17-581B-4006-8F5F-11F7A1FEC5E5}.Release|Any CPU.ActiveCfg = Release|Any CPU
		{BC0A1A17-581B-4006-8F5F-11F7A1FEC5E5}.Release|Any CPU.Build.0 = Release|Any CPU
		{31710457-C06A-4C34-8FBD-4BED15DF95AA}.Debug|Any CPU.ActiveCfg = Debug|Any CPU
		{31710457-C06A-4C34-8FBD-4BED15DF95AA}.Debug|Any CPU.Build.0 = Debug|Any CPU
		{31710457-C06A-4C34-8FBD-4BED15DF95AA}.Release|Any CPU.ActiveCfg = Release|Any CPU
		{31710457-C06A-4C34-8FBD-4BED15DF95AA}.Release|Any CPU.Build.0 = Release|Any CPU
	EndGlobalSection
	GlobalSection(SolutionProperties) = preSolution
		HideSolutionNode = FALSE
	EndGlobalSection
	GlobalSection(ExtensibilityGlobals) = postSolution
		SolutionGuid = {A48845C7-569F-4A2E-BB2B-6CEA48DFED82}
	EndGlobalSection
EndGlobal
